
Microsoft Visual Studio Solution File, Format Version 12.00
# Visual Studio 15
Project("{FAE04EC0-301F-11D3-BF4B-00C04F79EFBC}") = "Assembly-CSharp", "Assembly-CSharp.csproj", "{157E47A3-C901-5B89-C1A3-AB7948287E0E}"
EndProject
Project("{FAE04EC0-301F-11D3-BF4B-00C04F79EFBC}") = "Assembly-CSharp-firstpass", "Assembly-CSharp-firstpass.csproj", "{20E6D63F-8938-C247-C23A-3DCCF1032C20}"
EndProject
Project("{FAE04EC0-301F-11D3-BF4B-00C04F79EFBC}") = "Assembly-CSharp-Editor", "Assembly-CSharp-Editor.csproj", "{1BA7D44F-DB1F-61A6-C1B6-B8709B1DEC1E}"
EndProject
Global
	GlobalSection(SolutionConfigurationPlatforms) = preSolution
		Debug|Any CPU = Debug|Any CPU
		Release|Any CPU = Release|Any CPU
	EndGlobalSection
	GlobalSection(ProjectConfigurationPlatforms) = postSolution
		{157E47A3-C901-5B89-C1A3-AB7948287E0E}.Debug|Any CPU.ActiveCfg = Debug|Any CPU
		{157E47A3-C901-5B89-C1A3-AB7948287E0E}.Debug|Any CPU.Build.0 = Debug|Any CPU
		{157E47A3-C901-5B89-C1A3-AB7948287E0E}.Release|Any CPU.ActiveCfg = Release|Any CPU
		{157E47A3-C901-5B89-C1A3-AB7948287E0E}.Release|Any CPU.Build.0 = Release|Any CPU
		{20E6D63F-8938-C247-C23A-3DCCF1032C20}.Debug|Any CPU.ActiveCfg = Debug|Any CPU
		{20E6D63F-8938-C247-C23A-3DCCF1032C20}.Debug|Any CPU.Build.0 = Debug|Any CPU
		{20E6D63F-8938-C247-C23A-3DCCF1032C20}.Release|Any CPU.ActiveCfg = Release|Any CPU
		{20E6D63F-8938-C247-C23A-3DCCF1032C20}.Release|Any CPU.Build.0 = Release|Any CPU
		{1BA7D44F-DB1F-61A6-C1B6-B8709B1DEC1E}.Debug|Any CPU.ActiveCfg = Debug|Any CPU
		{1BA7D44F-DB1F-61A6-C1B6-B8709B1DEC1E}.Debug|Any CPU.Build.0 = Debug|Any CPU
		{1BA7D44F-DB1F-61A6-C1B6-B8709B1DEC1E}.Release|Any CPU.ActiveCfg = Release|Any CPU
		{1BA7D44F-DB1F-61A6-C1B6-B8709B1DEC1E}.Release|Any CPU.Build.0 = Release|Any CPU
	EndGlobalSection
	GlobalSection(SolutionProperties) = preSolution
		HideSolutionNode = FALSE
	EndGlobalSection
EndGlobal
