
Microsoft Visual Studio Solution File, Format Version 12.00
# Visual Studio 15
Project("{FAE04EC0-301F-11D3-BF4B-00C04F79EFBC}") = "Assembly-CSharp", "Assembly-CSharp.csproj", "{42692E05-9639-5DE9-5013-E66556341FE5}"
EndProject
Project("{FAE04EC0-301F-11D3-BF4B-00C04F79EFBC}") = "Assembly-CSharp-firstpass", "Assembly-CSharp-firstpass.csproj", "{C912AE08-FF9E-2751-242E-6B8F3D2A4D6C}"
EndProject
Project("{FAE04EC0-301F-11D3-BF4B-00C04F79EFBC}") = "Assembly-CSharp-Editor", "Assembly-CSharp-Editor.csproj", "{1794696D-4F5D-0BE0-31C3-B6F30B866CC5}"
EndProject
Global
	GlobalSection(SolutionConfigurationPlatforms) = preSolution
		Debug|Any CPU = Debug|Any CPU
		Release|Any CPU = Release|Any CPU
	EndGlobalSection
	GlobalSection(ProjectConfigurationPlatforms) = postSolution
		{42692E05-9639-5DE9-5013-E66556341FE5}.Debug|Any CPU.ActiveCfg = Debug|Any CPU
		{42692E05-9639-5DE9-5013-E66556341FE5}.Debug|Any CPU.Build.0 = Debug|Any CPU
		{42692E05-9639-5DE9-5013-E66556341FE5}.Release|Any CPU.ActiveCfg = Release|Any CPU
		{42692E05-9639-5DE9-5013-E66556341FE5}.Release|Any CPU.Build.0 = Release|Any CPU
		{C912AE08-FF9E-2751-242E-6B8F3D2A4D6C}.Debug|Any CPU.ActiveCfg = Debug|Any CPU
		{C912AE08-FF9E-2751-242E-6B8F3D2A4D6C}.Debug|Any CPU.Build.0 = Debug|Any CPU
		{C912AE08-FF9E-2751-242E-6B8F3D2A4D6C}.Release|Any CPU.ActiveCfg = Release|Any CPU
		{C912AE08-FF9E-2751-242E-6B8F3D2A4D6C}.Release|Any CPU.Build.0 = Release|Any CPU
		{1794696D-4F5D-0BE0-31C3-B6F30B866CC5}.Debug|Any CPU.ActiveCfg = Debug|Any CPU
		{1794696D-4F5D-0BE0-31C3-B6F30B866CC5}.Debug|Any CPU.Build.0 = Debug|Any CPU
		{1794696D-4F5D-0BE0-31C3-B6F30B866CC5}.Release|Any CPU.ActiveCfg = Release|Any CPU
		{1794696D-4F5D-0BE0-31C3-B6F30B866CC5}.Release|Any CPU.Build.0 = Release|Any CPU
	EndGlobalSection
	GlobalSection(SolutionProperties) = preSolution
		HideSolutionNode = FALSE
	EndGlobalSection
EndGlobal
