
Microsoft Visual Studio Solution File, Format Version 12.00
# Visual Studio 15
Project("{FAE04EC0-301F-11D3-BF4B-00C04F79EFBC}") = "Assembly-CSharp", "Assembly-CSharp.csproj", "{7AD93F0B-DF27-6BCA-CE80-D39BCF7BD671}"
EndProject
Project("{FAE04EC0-301F-11D3-BF4B-00C04F79EFBC}") = "Assembly-CSharp-Editor", "Assembly-CSharp-Editor.csproj", "{3619FA47-4365-CCC1-E296-CE740D5385FD}"
EndProject
Global
	GlobalSection(SolutionConfigurationPlatforms) = preSolution
		Debug|Any CPU = Debug|Any CPU
		Release|Any CPU = Release|Any CPU
	EndGlobalSection
	GlobalSection(ProjectConfigurationPlatforms) = postSolution
		{7AD93F0B-DF27-6BCA-CE80-D39BCF7BD671}.Debug|Any CPU.ActiveCfg = Debug|Any CPU
		{7AD93F0B-DF27-6BCA-CE80-D39BCF7BD671}.Debug|Any CPU.Build.0 = Debug|Any CPU
		{7AD93F0B-DF27-6BCA-CE80-D39BCF7BD671}.Release|Any CPU.ActiveCfg = Release|Any CPU
		{7AD93F0B-DF27-6BCA-CE80-D39BCF7BD671}.Release|Any CPU.Build.0 = Release|Any CPU
		{3619FA47-4365-CCC1-E296-CE740D5385FD}.Debug|Any CPU.ActiveCfg = Debug|Any CPU
		{3619FA47-4365-CCC1-E296-CE740D5385FD}.Debug|Any CPU.Build.0 = Debug|Any CPU
		{3619FA47-4365-CCC1-E296-CE740D5385FD}.Release|Any CPU.ActiveCfg = Release|Any CPU
		{3619FA47-4365-CCC1-E296-CE740D5385FD}.Release|Any CPU.Build.0 = Release|Any CPU
	EndGlobalSection
	GlobalSection(SolutionProperties) = preSolution
		HideSolutionNode = FALSE
	EndGlobalSection
EndGlobal
